
Microsoft Visual Studio Solution File, Format Version 12.00
# Visual Studio 15
VisualStudioVersion = 15.0.27703.2035
MinimumVisualStudioVersion = 10.0.40219.1
Project("{2150E333-8FDC-42A3-9474-1A3956D46DE8}") = "src", "src", "{91BD65FF-B2CA-46B5-A23F-2A4997F8006B}"
EndProject
Project("{2150E333-8FDC-42A3-9474-1A3956D46DE8}") = "test", "test", "{EE17DCBB-3973-42F9-8B80-47EE61EE4BC9}"
EndProject
Project("{E53339B2-1760-4266-BCC7-CA923CBCF16C}") = "docker-compose", "docker-compose.dcproj", "{BA9C5CA0-8D82-45E6-8C03-388A1410819D}"
EndProject
Project("{2150E333-8FDC-42A3-9474-1A3956D46DE8}") = "Solution Items", "Solution Items", "{05309A56-0EDA-4134-8A12-6046576541C1}"
	ProjectSection(SolutionItems) = preProject
		.vsts-ci.yml = .vsts-ci.yml
	EndProjectSection
EndProject
Project("{2150E333-8FDC-42A3-9474-1A3956D46DE8}") = "Services", "Services", "{88C4EAAD-5FE3-4EAD-88DB-2E0FD84142E6}"
EndProject
Project("{2150E333-8FDC-42A3-9474-1A3956D46DE8}") = "Notes", "Notes", "{B6345CF3-9C17-4759-A8EF-2C07ADEA7945}"
EndProject
Project("{2150E333-8FDC-42A3-9474-1A3956D46DE8}") = "Search", "Search", "{781B65F0-1EB9-4BF6-B13A-330EB8448AF6}"
EndProject
Project("{2150E333-8FDC-42A3-9474-1A3956D46DE8}") = "Identity", "Identity", "{8F0BB867-23AA-4FC6-BEB1-5C96C953E94D}"
EndProject
Project("{9A19103F-16F7-4668-BE54-9A1E7A4F7556}") = "Notes.Api", "src\Services\Notes\Notes.Api\Notes.Api.csproj", "{8AA3673A-4C11-4B22-A7B1-1B8075C3F7C7}"
EndProject
Project("{9A19103F-16F7-4668-BE54-9A1E7A4F7556}") = "Notes.Domain", "src\Services\Notes\Notes.Domain\Notes.Domain.csproj", "{ABE8AC6F-5787-4B11-AF92-B52EB54F5E6C}"
EndProject
Project("{9A19103F-16F7-4668-BE54-9A1E7A4F7556}") = "Notes.Infrastructure", "src\Services\Notes\Notes.Infrastructure\Notes.Infrastructure.csproj", "{DF16ACDC-C42F-4284-9AF8-96EF3852A76E}"
EndProject
Project("{2150E333-8FDC-42A3-9474-1A3956D46DE8}") = "BuildingBlocks", "BuildingBlocks", "{0A13844E-1BCB-4037-A89F-F9A16F5F14FB}"
EndProject
Project("{9A19103F-16F7-4668-BE54-9A1E7A4F7556}") = "SharedKernel", "src\BuildingBlocks\SharedKernel\SharedKernel.csproj", "{4086279F-38AA-44F0-B93E-66FB45772C85}"
EndProject
Project("{2150E333-8FDC-42A3-9474-1A3956D46DE8}") = "ApiGateways", "ApiGateways", "{5990C356-65F2-450F-8E00-05CC5A995826}"
EndProject
Project("{2150E333-8FDC-42A3-9474-1A3956D46DE8}") = "ApiGw-Base", "ApiGw-Base", "{2D24ABF0-82CD-4CA3-A0F2-6E08B8681636}"
EndProject
Project("{9A19103F-16F7-4668-BE54-9A1E7A4F7556}") = "OcelotApiGateway", "src\ApiGateways\ApiGw-Base\OcelotApiGateway\OcelotApiGateway.csproj", "{5506F499-CD0D-405C-8B87-C697B71E74B7}"
EndProject
Project("{2150E333-8FDC-42A3-9474-1A3956D46DE8}") = "Web.Bff", "Web.Bff", "{A441E0B1-F601-430F-A939-2D72DE4EDC9D}"
	ProjectSection(SolutionItems) = preProject
		src\ApiGateways\Web.Bff\configuration.json = src\ApiGateways\Web.Bff\configuration.json
	EndProjectSection
EndProject
Project("{9A19103F-16F7-4668-BE54-9A1E7A4F7556}") = "Identity.Api", "src\Services\Identity\Identity.Api\Identity.Api.csproj", "{835A0A70-87C1-41CC-8F62-2FDEB2DB8006}"
EndProject
Project("{2150E333-8FDC-42A3-9474-1A3956D46DE8}") = "Web", "Web", "{46D50E2B-ECFB-439F-8FD3-8EFE80067DEB}"
EndProject
Project("{FAE04EC0-301F-11D3-BF4B-00C04F79EFBC}") = "WebSpa", "src\Web\WebSpa\WebSpa.csproj", "{F1638ADB-E1F3-4424-9308-8717001140BC}"
EndProject
Global
	GlobalSection(SolutionConfigurationPlatforms) = preSolution
		Debug|Any CPU = Debug|Any CPU
		Release|Any CPU = Release|Any CPU
	EndGlobalSection
	GlobalSection(ProjectConfigurationPlatforms) = postSolution
		{BA9C5CA0-8D82-45E6-8C03-388A1410819D}.Debug|Any CPU.ActiveCfg = Debug|Any CPU
		{BA9C5CA0-8D82-45E6-8C03-388A1410819D}.Debug|Any CPU.Build.0 = Debug|Any CPU
		{BA9C5CA0-8D82-45E6-8C03-388A1410819D}.Release|Any CPU.ActiveCfg = Release|Any CPU
		{BA9C5CA0-8D82-45E6-8C03-388A1410819D}.Release|Any CPU.Build.0 = Release|Any CPU
		{8AA3673A-4C11-4B22-A7B1-1B8075C3F7C7}.Debug|Any CPU.ActiveCfg = Debug|Any CPU
		{8AA3673A-4C11-4B22-A7B1-1B8075C3F7C7}.Debug|Any CPU.Build.0 = Debug|Any CPU
		{8AA3673A-4C11-4B22-A7B1-1B8075C3F7C7}.Release|Any CPU.ActiveCfg = Release|Any CPU
		{8AA3673A-4C11-4B22-A7B1-1B8075C3F7C7}.Release|Any CPU.Build.0 = Release|Any CPU
		{ABE8AC6F-5787-4B11-AF92-B52EB54F5E6C}.Debug|Any CPU.ActiveCfg = Debug|Any CPU
		{ABE8AC6F-5787-4B11-AF92-B52EB54F5E6C}.Debug|Any CPU.Build.0 = Debug|Any CPU
		{ABE8AC6F-5787-4B11-AF92-B52EB54F5E6C}.Release|Any CPU.ActiveCfg = Release|Any CPU
		{ABE8AC6F-5787-4B11-AF92-B52EB54F5E6C}.Release|Any CPU.Build.0 = Release|Any CPU
		{DF16ACDC-C42F-4284-9AF8-96EF3852A76E}.Debug|Any CPU.ActiveCfg = Debug|Any CPU
		{DF16ACDC-C42F-4284-9AF8-96EF3852A76E}.Debug|Any CPU.Build.0 = Debug|Any CPU
		{DF16ACDC-C42F-4284-9AF8-96EF3852A76E}.Release|Any CPU.ActiveCfg = Release|Any CPU
		{DF16ACDC-C42F-4284-9AF8-96EF3852A76E}.Release|Any CPU.Build.0 = Release|Any CPU
		{4086279F-38AA-44F0-B93E-66FB45772C85}.Debug|Any CPU.ActiveCfg = Debug|Any CPU
		{4086279F-38AA-44F0-B93E-66FB45772C85}.Debug|Any CPU.Build.0 = Debug|Any CPU
		{4086279F-38AA-44F0-B93E-66FB45772C85}.Release|Any CPU.ActiveCfg = Release|Any CPU
		{4086279F-38AA-44F0-B93E-66FB45772C85}.Release|Any CPU.Build.0 = Release|Any CPU
		{5506F499-CD0D-405C-8B87-C697B71E74B7}.Debug|Any CPU.ActiveCfg = Debug|Any CPU
		{5506F499-CD0D-405C-8B87-C697B71E74B7}.Debug|Any CPU.Build.0 = Debug|Any CPU
		{5506F499-CD0D-405C-8B87-C697B71E74B7}.Release|Any CPU.ActiveCfg = Release|Any CPU
		{5506F499-CD0D-405C-8B87-C697B71E74B7}.Release|Any CPU.Build.0 = Release|Any CPU
		{835A0A70-87C1-41CC-8F62-2FDEB2DB8006}.Debug|Any CPU.ActiveCfg = Debug|Any CPU
		{835A0A70-87C1-41CC-8F62-2FDEB2DB8006}.Debug|Any CPU.Build.0 = Debug|Any CPU
		{835A0A70-87C1-41CC-8F62-2FDEB2DB8006}.Release|Any CPU.ActiveCfg = Release|Any CPU
		{835A0A70-87C1-41CC-8F62-2FDEB2DB8006}.Release|Any CPU.Build.0 = Release|Any CPU
		{F1638ADB-E1F3-4424-9308-8717001140BC}.Debug|Any CPU.ActiveCfg = Debug|Any CPU
		{F1638ADB-E1F3-4424-9308-8717001140BC}.Debug|Any CPU.Build.0 = Debug|Any CPU
		{F1638ADB-E1F3-4424-9308-8717001140BC}.Release|Any CPU.ActiveCfg = Release|Any CPU
		{F1638ADB-E1F3-4424-9308-8717001140BC}.Release|Any CPU.Build.0 = Release|Any CPU
	EndGlobalSection
	GlobalSection(SolutionProperties) = preSolution
		HideSolutionNode = FALSE
	EndGlobalSection
	GlobalSection(NestedProjects) = preSolution
		{88C4EAAD-5FE3-4EAD-88DB-2E0FD84142E6} = {91BD65FF-B2CA-46B5-A23F-2A4997F8006B}
		{B6345CF3-9C17-4759-A8EF-2C07ADEA7945} = {88C4EAAD-5FE3-4EAD-88DB-2E0FD84142E6}
		{781B65F0-1EB9-4BF6-B13A-330EB8448AF6} = {88C4EAAD-5FE3-4EAD-88DB-2E0FD84142E6}
		{8F0BB867-23AA-4FC6-BEB1-5C96C953E94D} = {88C4EAAD-5FE3-4EAD-88DB-2E0FD84142E6}
		{8AA3673A-4C11-4B22-A7B1-1B8075C3F7C7} = {B6345CF3-9C17-4759-A8EF-2C07ADEA7945}
		{ABE8AC6F-5787-4B11-AF92-B52EB54F5E6C} = {B6345CF3-9C17-4759-A8EF-2C07ADEA7945}
		{DF16ACDC-C42F-4284-9AF8-96EF3852A76E} = {B6345CF3-9C17-4759-A8EF-2C07ADEA7945}
		{0A13844E-1BCB-4037-A89F-F9A16F5F14FB} = {91BD65FF-B2CA-46B5-A23F-2A4997F8006B}
		{4086279F-38AA-44F0-B93E-66FB45772C85} = {0A13844E-1BCB-4037-A89F-F9A16F5F14FB}
		{5990C356-65F2-450F-8E00-05CC5A995826} = {91BD65FF-B2CA-46B5-A23F-2A4997F8006B}
		{2D24ABF0-82CD-4CA3-A0F2-6E08B8681636} = {5990C356-65F2-450F-8E00-05CC5A995826}
		{5506F499-CD0D-405C-8B87-C697B71E74B7} = {2D24ABF0-82CD-4CA3-A0F2-6E08B8681636}
		{A441E0B1-F601-430F-A939-2D72DE4EDC9D} = {5990C356-65F2-450F-8E00-05CC5A995826}
		{835A0A70-87C1-41CC-8F62-2FDEB2DB8006} = {8F0BB867-23AA-4FC6-BEB1-5C96C953E94D}
		{46D50E2B-ECFB-439F-8FD3-8EFE80067DEB} = {91BD65FF-B2CA-46B5-A23F-2A4997F8006B}
		{F1638ADB-E1F3-4424-9308-8717001140BC} = {46D50E2B-ECFB-439F-8FD3-8EFE80067DEB}
	EndGlobalSection
	GlobalSection(ExtensibilityGlobals) = postSolution
		SolutionGuid = {B4B46EBD-8136-4D76-8039-1D9D8265C199}
	EndGlobalSection
EndGlobal
